
Microsoft Visual Studio Solution File, Format Version 12.00
# Visual Studio Version 17
VisualStudioVersion = 17.13.35931.197 d17.13
MinimumVisualStudioVersion = 10.0.40219.1
Project("{FAE04EC0-301F-11D3-BF4B-00C04F79EFBC}") = "Pong", "Pong\Pong.csproj", "{B1BB3484-E7FC-4A97-BC5E-569D0FC0D596}"
EndProject
Global
	GlobalSection(SolutionConfigurationPlatforms) = preSolution
		Debug|Any CPU = Debug|Any CPU
		Release|Any CPU = Release|Any CPU
	EndGlobalSection
	GlobalSection(ProjectConfigurationPlatforms) = postSolution
		{B1BB3484-E7FC-4A97-BC5E-569D0FC0D596}.Debug|Any CPU.ActiveCfg = Debug|Any CPU
		{B1BB3484-E7FC-4A97-BC5E-569D0FC0D596}.Debug|Any CPU.Build.0 = Debug|Any CPU
		{B1BB3484-E7FC-4A97-BC5E-569D0FC0D596}.Release|Any CPU.ActiveCfg = Release|Any CPU
		{B1BB3484-E7FC-4A97-BC5E-569D0FC0D596}.Release|Any CPU.Build.0 = Release|Any CPU
	EndGlobalSection
	GlobalSection(SolutionProperties) = preSolution
		HideSolutionNode = FALSE
	EndGlobalSection
	GlobalSection(ExtensibilityGlobals) = postSolution
		SolutionGuid = {16383D52-BEA2-4BDB-AD9A-177610F3A470}
	EndGlobalSection
EndGlobal
